<?xml version="1.0" encoding="utf-8"?>
<Project ToolsVersion="4.0" xmlns="http://schemas.microsoft.com/developer/msbuild/2003">
  <ItemGroup>
    <Filter Include="Source Files">
      <UniqueIdentifier>{4FC737F1-C7A5-4376-A066-2A32D752A2FF}</UniqueIdentifier>
      <Extensions>cpp;c;cc;cxx;c++;cppm;ixx;def;odl;idl;hpj;bat;asm;asmx</Extensions>
    </Filter>
    <Filter Include="Header Files">
      <UniqueIdentifier>{93995380-89BD-4b04-88EB-625FBE52EBFB}</UniqueIdentifier>
      <Extensions>h;hh;hpp;hxx;h++;hm;inl;inc;ipp;xsd</Extensions>
    </Filter>
    <Filter Include="Resource Files">
      <UniqueIdentifier>{67DA6AB6-F800-4c08-8B7A-83BB121AAD01}</UniqueIdentifier>
      <Extensions>rc;ico;cur;bmp;dlg;rc2;rct;bin;rgs;gif;jpg;jpeg;jpe;resx;tiff;tif;png;wav;mfcribbon-ms</Extensions>
    </Filter>
    <Filter Include="PCH">
      <UniqueIdentifier>{9eec147a-7098-402d-9353-440ead1dd11a}</UniqueIdentifier>
    </Filter>
    <Filter Include="3.1_FileScanner">
      <UniqueIdentifier>{4c4db815-0ab2-4023-9225-c01ab6a20434}</UniqueIdentifier>
    </Filter>
    <Filter Include="3.2_SystemProcessDefender">
      <UniqueIdentifier>{35a77920-eef5-494b-bd0f-d80786466524}</UniqueIdentifier>
    </Filter>
    <Filter Include="3.11_VirusTotal">
      <UniqueIdentifier>{0a9c1060-9c5c-465e-88dd-b4e56da060da}</UniqueIdentifier>
    </Filter>
    <Filter Include="ImGUI">
      <UniqueIdentifier>{e81e5718-7503-4a63-a472-39ee8ba8e9ad}</UniqueIdentifier>
    </Filter>
    <Filter Include="ImGUI\Dependencies">
      <UniqueIdentifier>{9889a712-3c1e-4f7e-af6e-052ae4e4ec11}</UniqueIdentifier>
    </Filter>
    <Filter Include="LogsManager">
      <UniqueIdentifier>{53621b90-49ee-412a-ad21-4a2f7fbb2de5}</UniqueIdentifier>
    </Filter>
  </ItemGroup>
  <ItemGroup>
    <ClCompile Include="main.cpp">
      <Filter>Source Files</Filter>
    </ClCompile>
    <ClCompile Include="pch.cpp">
      <Filter>PCH</Filter>
    </ClCompile>
    <ClCompile Include="FileScanner.cpp">
      <Filter>3.1_FileScanner</Filter>
    </ClCompile>
    <ClCompile Include="MD5_HashManager.cpp">
      <Filter>3.1_FileScanner</Filter>
    </ClCompile>
    <ClCompile Include="PrivilegeManager.cpp">
      <Filter>3.2_SystemProcessDefender</Filter>
    </ClCompile>
    <ClCompile Include="ProcessManager.cpp">
      <Filter>3.2_SystemProcessDefender</Filter>
    </ClCompile>
    <ClCompile Include="SignatureManager.cpp">
      <Filter>3.2_SystemProcessDefender</Filter>
    </ClCompile>
    <ClCompile Include="SystemProcessDefender.cpp">
      <Filter>3.2_SystemProcessDefender</Filter>
    </ClCompile>
    <ClCompile Include="VirusTotalManager.cpp">
      <Filter>3.11_VirusTotal</Filter>
    </ClCompile>
    <ClCompile Include="HTTPSManager.cpp">
      <Filter>3.11_VirusTotal</Filter>
    </ClCompile>
    <ClCompile Include="imgui\imgui.cpp">
      <Filter>ImGUI\Dependencies</Filter>
    </ClCompile>
    <ClCompile Include="imgui\imgui_demo.cpp">
      <Filter>ImGUI\Dependencies</Filter>
    </ClCompile>
    <ClCompile Include="imgui\imgui_draw.cpp">
      <Filter>ImGUI\Dependencies</Filter>
    </ClCompile>
    <ClCompile Include="imgui\imgui_impl_dx9.cpp">
      <Filter>ImGUI\Dependencies</Filter>
    </ClCompile>
    <ClCompile Include="imgui\imgui_impl_win32.cpp">
      <Filter>ImGUI\Dependencies</Filter>
    </ClCompile>
    <ClCompile Include="imgui\imgui_tables.cpp">
      <Filter>ImGUI\Dependencies</Filter>
    </ClCompile>
    <ClCompile Include="imgui\imgui_widgets.cpp">
      <Filter>ImGUI\Dependencies</Filter>
    </ClCompile>
    <ClCompile Include="ImGUIManager.cpp">
      <Filter>ImGUI</Filter>
    </ClCompile>
    <ClCompile Include="TemporaryHelpers.cpp">
      <Filter>Source Files</Filter>
    </ClCompile>
  </ItemGroup>
  <ItemGroup>
    <ClInclude Include="pch.h">
      <Filter>PCH</Filter>
    </ClInclude>
    <ClInclude Include="MD5_HashManager.h">
      <Filter>3.1_FileScanner</Filter>
    </ClInclude>
    <ClInclude Include="FileScanner.h">
      <Filter>3.1_FileScanner</Filter>
    </ClInclude>
    <ClInclude Include="PrivilegeManager.h">
      <Filter>3.2_SystemProcessDefender</Filter>
    </ClInclude>
    <ClInclude Include="ProcessManager.h">
      <Filter>3.2_SystemProcessDefender</Filter>
    </ClInclude>
    <ClInclude Include="SignatureManager.h">
      <Filter>3.2_SystemProcessDefender</Filter>
    </ClInclude>
    <ClInclude Include="SystemProcessDefender.h">
      <Filter>3.2_SystemProcessDefender</Filter>
    </ClInclude>
    <ClInclude Include="VirusTotalManager.h">
      <Filter>3.11_VirusTotal</Filter>
    </ClInclude>
    <ClInclude Include="HTTPSManager.h">
      <Filter>3.11_VirusTotal</Filter>
    </ClInclude>
    <ClInclude Include="imgui\imconfig.h">
      <Filter>ImGUI\Dependencies</Filter>
    </ClInclude>
    <ClInclude Include="imgui\imgui.h">
      <Filter>ImGUI\Dependencies</Filter>
    </ClInclude>
    <ClInclude Include="imgui\imgui_impl_dx9.h">
      <Filter>ImGUI\Dependencies</Filter>
    </ClInclude>
    <ClInclude Include="imgui\imgui_impl_win32.h">
      <Filter>ImGUI\Dependencies</Filter>
    </ClInclude>
    <ClInclude Include="imgui\imgui_internal.h">
      <Filter>ImGUI\Dependencies</Filter>
    </ClInclude>
    <ClInclude Include="imgui\imstb_rectpack.h">
      <Filter>ImGUI\Dependencies</Filter>
    </ClInclude>
    <ClInclude Include="imgui\imstb_textedit.h">
      <Filter>ImGUI\Dependencies</Filter>
    </ClInclude>
    <ClInclude Include="imgui\imstb_truetype.h">
      <Filter>ImGUI\Dependencies</Filter>
    </ClInclude>
    <ClInclude Include="ImGUIManager.h">
      <Filter>ImGUI</Filter>
    </ClInclude>
    <ClInclude Include="TemporaryHelpers.h">
      <Filter>Header Files</Filter>
    </ClInclude>
  </ItemGroup>
</Project>