<?xml version="1.0" encoding="utf-8"?>
<Project ToolsVersion="4.0" xmlns="http://schemas.microsoft.com/developer/msbuild/2003">
  <ItemGroup>
    <Filter Include="Source Files">
      <UniqueIdentifier>{4FC737F1-C7A5-4376-A066-2A32D752A2FF}</UniqueIdentifier>
      <Extensions>cpp;c;cc;cxx;c++;cppm;ixx;def;odl;idl;hpj;bat;asm;asmx</Extensions>
    </Filter>
    <Filter Include="Header Files">
      <UniqueIdentifier>{93995380-89BD-4b04-88EB-625FBE52EBFB}</UniqueIdentifier>
      <Extensions>h;hh;hpp;hxx;h++;hm;inl;inc;ipp;xsd</Extensions>
    </Filter>
    <Filter Include="Resource Files">
      <UniqueIdentifier>{67DA6AB6-F800-4c08-8B7A-83BB121AAD01}</UniqueIdentifier>
      <Extensions>rc;ico;cur;bmp;dlg;rc2;rct;bin;rgs;gif;jpg;jpeg;jpe;resx;tiff;tif;png;wav;mfcribbon-ms</Extensions>
    </Filter>
    <Filter Include="PCH">
      <UniqueIdentifier>{9eec147a-7098-402d-9353-440ead1dd11a}</UniqueIdentifier>
    </Filter>
    <Filter Include="3.1_FileScanner">
      <UniqueIdentifier>{4c4db815-0ab2-4023-9225-c01ab6a20434}</UniqueIdentifier>
    </Filter>
    <Filter Include="3.2_SystemProcessDefender">
      <UniqueIdentifier>{35a77920-eef5-494b-bd0f-d80786466524}</UniqueIdentifier>
    </Filter>
  </ItemGroup>
  <ItemGroup>
    <ClCompile Include="main.cpp">
      <Filter>Source Files</Filter>
    </ClCompile>
    <ClCompile Include="pch.cpp">
      <Filter>PCH</Filter>
    </ClCompile>
    <ClCompile Include="FileScanner.cpp">
      <Filter>3.1_FileScanner</Filter>
    </ClCompile>
    <ClCompile Include="MD5_HashManager.cpp">
      <Filter>3.1_FileScanner</Filter>
    </ClCompile>
    <ClCompile Include="PrivilegeManager.cpp">
      <Filter>3.2_SystemProcessDefender</Filter>
    </ClCompile>
    <ClCompile Include="ProcessManager.cpp">
      <Filter>3.2_SystemProcessDefender</Filter>
    </ClCompile>
    <ClCompile Include="SignatureManager.cpp">
      <Filter>3.2_SystemProcessDefender</Filter>
    </ClCompile>
    <ClCompile Include="SystemProcessDefender.cpp">
      <Filter>3.2_SystemProcessDefender</Filter>
    </ClCompile>
  </ItemGroup>
  <ItemGroup>
    <ClInclude Include="pch.h">
      <Filter>PCH</Filter>
    </ClInclude>
    <ClInclude Include="MD5_HashManager.h">
      <Filter>3.1_FileScanner</Filter>
    </ClInclude>
    <ClInclude Include="FileScanner.h">
      <Filter>3.1_FileScanner</Filter>
    </ClInclude>
    <ClInclude Include="PrivilegeManager.h">
      <Filter>3.2_SystemProcessDefender</Filter>
    </ClInclude>
    <ClInclude Include="ProcessManager.h">
      <Filter>3.2_SystemProcessDefender</Filter>
    </ClInclude>
    <ClInclude Include="SignatureManager.h">
      <Filter>3.2_SystemProcessDefender</Filter>
    </ClInclude>
    <ClInclude Include="SystemProcessDefender.h">
      <Filter>3.2_SystemProcessDefender</Filter>
    </ClInclude>
  </ItemGroup>
</Project>